{
    "_meta": {
        "hash": {
            "sha256": "ccc6de0f08bc1b3b5f2171a0b14667ce6cbafd1a736b6c8f7a8e81283764da66"
        },
        "pipfile-spec": 6,
        "requires": {
            "python_version": "3.7"
        },
        "sources": [
            {
                "name": "pypi",
                "url": "https://pypi.org/simple",
                "verify_ssl": true
            }
        ]
    },
    "default": {
        "certifi": {
            "hashes": [
                "sha256:1a4995114262bffbc2413b159f2a1a480c969de6e6eb13ee966d470af86af59c",
                "sha256:719a74fb9e33b9bd44cc7f3a8d94bc35e4049deebe19ba7d8e108280cfd59830"
            ],
            "version": "==2020.12.5"
        },
        "chardet": {
            "hashes": [
                "sha256:84ab92ed1c4d4f16916e05906b6b75a6c0fb5db821cc65e70cbd64a3e2a5eaae",
                "sha256:fc323ffcaeaed0e0a02bf4d117757b98aed530d9ed4531e3e15460124c106691"
            ],
            "version": "==3.0.4"
        },
        "colorzero": {
            "hashes": [
                "sha256:0e60d743a6b8071498a56465f7719c96a5e92928f858bab1be2a0d606c9aa0f8",
                "sha256:e7d5a5c26cd0dc37b164ebefc609f388de24f8593b659191e12d85f8f9d5eb58"
            ],
            "version": "==2.0"
        },
        "cups": {
            "hashes": [
                "sha256:6330d46aa3969278009d80514cbb2bee83ac3afbda18dae7a44ade3e2312c377",
                "sha256:aa2c5b5c4f430917d32b9e0a7b367c6bf6961fa410d6de6adb16554f31455c40"
            ],
            "index": "pypi",
            "version": "==0.0.6"
        },
        "gpiozero": {
            "hashes": [
                "sha256:101044038e71cec8be2fa841d4cea9e50e7962e9fb0287f465298b59e3f06594",
                "sha256:ae1a8dc4e6e793ffd8f900968f3290d218052c46347fa0c0503c65fabe422e4d"
            ],
            "index": "pypi",
            "version": "==1.5.1"
        },
        "idna": {
            "hashes": [
                "sha256:c357b3f628cf53ae2c4c05627ecc484553142ca23264e593d327bcde5e9c3407",
                "sha256:ea8b7f6188e6fa117537c3df7da9fc686d485087abf6ac197f9c46432f7e4a3c"
            ],
            "version": "==2.8"
        },
        "pdfkit": {
            "hashes": [
                "sha256:05f1c631e8d9ab877886955da825e48b459e097886a21448ab17b34c60cfd66c",
                "sha256:6a866c9659e62a81abd72cdb32b400762d76085b964beb0b15106d573a539677",
                "sha256:ef1da35b78d534197e7ce4a604a4a190e9aa769e56634957535f3479a50d8cd1"
            ],
            "index": "pypi",
            "version": "==0.6.1"
        },
        "pycups": {
            "hashes": [
                "sha256:86090f259a7c5d0d5caa3407a0e57c9e134027620cbc8f90bf4e37c8b53ed7b9"
            ],
            "index": "pypi",
            "version": "==1.9.74"
        },
        "requests": {
            "hashes": [
                "sha256:11e007a8a2aa0323f5a921e9e6a2d7e4e67d9877e85773fba9ba6419025cbeb4",
                "sha256:9cf5292fcd0f598c671cfc1e0d7d1a7f13bb8085e9a590f48c010551dc6c4b31"
            ],
            "index": "pypi",
            "version": "==2.22.0"
        },
        "unifipy": {
            "hashes": [
                "sha256:377a90fd7cfcfb6375f8790af98b9c843f5185aa2f344160efb867edd7984fe2",
                "sha256:bb3615715886ddd5419f75783c39a17421088ab64a4616b86b9fa98501bef3e7"
            ],
            "index": "pypi",
            "version": "==1.0.4"
        },
        "urllib3": {
            "hashes": [
                "sha256:2f3db8b19923a873b3e5256dc9c2dedfa883e33d87c690d9c7913e1f40673cdc",
                "sha256:87716c2d2a7121198ebcb7ce7cccf6ce5e9ba539041cfbaeecfb641dc0bf6acc"
            ],
            "index": "pypi",
            "version": "==1.25.8"
        }
    },
    "develop": {}
}
