{
    "_meta": {
        "hash": {
            "sha256": "ccc6de0f08bc1b3b5f2171a0b14667ce6cbafd1a736b6c8f7a8e81283764da66"
        },
        "pipfile-spec": 6,
        "requires": {
            "python_version": "3.7"
        },
        "sources": [
            {
                "name": "pypi",
                "url": "https://pypi.org/simple",
                "verify_ssl": true
            }
        ]
    },
    "default": {
        "certifi": {
            "hashes": [
                "sha256:35824b4c3a97115964b408844d64aa14db1cc518f6562e8d7261699d1350a9e3",
                "sha256:4ad3232f5e926d6718ec31cfc1fcadfde020920e278684144551c91769c7bc18"
            ],
            "index": "pypi",
            "version": "==2022.12.7"
        },
        "chardet": {
            "hashes": [
                "sha256:84ab92ed1c4d4f16916e05906b6b75a6c0fb5db821cc65e70cbd64a3e2a5eaae",
                "sha256:fc323ffcaeaed0e0a02bf4d117757b98aed530d9ed4531e3e15460124c106691"
            ],
            "version": "==3.0.4"
        },
        "colorzero": {
            "hashes": [
                "sha256:0e60d743a6b8071498a56465f7719c96a5e92928f858bab1be2a0d606c9aa0f8",
                "sha256:e7d5a5c26cd0dc37b164ebefc609f388de24f8593b659191e12d85f8f9d5eb58"
            ],
            "version": "==2.0"
        },
        "cups": {
            "hashes": [
                "sha256:6330d46aa3969278009d80514cbb2bee83ac3afbda18dae7a44ade3e2312c377",
                "sha256:aa2c5b5c4f430917d32b9e0a7b367c6bf6961fa410d6de6adb16554f31455c40"
            ],
            "index": "pypi",
            "version": "==0.0.6"
        },
        "gpiozero": {
            "hashes": [
                "sha256:101044038e71cec8be2fa841d4cea9e50e7962e9fb0287f465298b59e3f06594",
                "sha256:ae1a8dc4e6e793ffd8f900968f3290d218052c46347fa0c0503c65fabe422e4d"
            ],
            "index": "pypi",
            "version": "==1.5.1"
        },
        "idna": {
            "hashes": [
                "sha256:c357b3f628cf53ae2c4c05627ecc484553142ca23264e593d327bcde5e9c3407",
                "sha256:ea8b7f6188e6fa117537c3df7da9fc686d485087abf6ac197f9c46432f7e4a3c"
            ],
            "version": "==2.8"
        },
        "pdfkit": {
            "hashes": [
                "sha256:05f1c631e8d9ab877886955da825e48b459e097886a21448ab17b34c60cfd66c",
                "sha256:6a866c9659e62a81abd72cdb32b400762d76085b964beb0b15106d573a539677",
                "sha256:a315a665c266db28fb751891d0661fe5e750ced812cb4eadb3ce63afba9a7475",
                "sha256:ef1da35b78d534197e7ce4a604a4a190e9aa769e56634957535f3479a50d8cd1"
            ],
            "index": "pypi",
            "version": "==0.6.1"
        },
        "pycups": {
            "hashes": [
                "sha256:86090f259a7c5d0d5caa3407a0e57c9e134027620cbc8f90bf4e37c8b53ed7b9"
            ],
            "index": "pypi",
            "version": "==1.9.74"
        },
        "requests": {
            "hashes": [
                "sha256:11e007a8a2aa0323f5a921e9e6a2d7e4e67d9877e85773fba9ba6419025cbeb4",
                "sha256:9cf5292fcd0f598c671cfc1e0d7d1a7f13bb8085e9a590f48c010551dc6c4b31"
            ],
            "index": "pypi",
            "version": "==2.22.0"
        },
        "setuptools": {
            "hashes": [
                "sha256:57f6f22bde4e042978bcd50176fdb381d7c21a9efa4041202288d3737a0c6a54",
                "sha256:a7620757bf984b58deaf32fc8a4577a9bbc0850cf92c20e1ce41c38c19e5fb75"
            ],
            "markers": "python_version >= '3.7'",
            "version": "==65.6.3"
        },
        "unifipy": {
            "hashes": [
                "sha256:377a90fd7cfcfb6375f8790af98b9c843f5185aa2f344160efb867edd7984fe2",
                "sha256:bb3615715886ddd5419f75783c39a17421088ab64a4616b86b9fa98501bef3e7"
            ],
            "index": "pypi",
            "version": "==1.0.4"
        },
        "urllib3": {
            "hashes": [
                "sha256:8d7eaa5a82a1cac232164990f04874c594c9453ec55eef02eab885aa02fc17a2",
                "sha256:f5321fbe4bf3fefa0efd0bfe7fb14e90909eb62a48ccda331726b4319897dd5e"
            ],
            "markers": "python_version >= '2.7' and python_version not in '3.0, 3.1, 3.2, 3.3, 3.4' and python_version < '4'",
            "version": "==1.25.11"
        }
    },
    "develop": {}
}
